{
  "nodes": {
    "nixos": {
      "locked": {
        "lastModified": 1662911663,
        "narHash": "sha256-VewmA8V0pM1XcSyq9QseZLOqtg00APP6+ictd/KF/5A=",
        "owner": "NixOS",
        "repo": "nixpkgs",
        "rev": "68dfacf253d3e1618c4f7793b0fe519083e7d93e",
        "type": "github"
      },
      "original": {
        "id": "nixpkgs",
        "ref": "release-22.05",
        "type": "indirect"
      }
    },
    "nixos-unstable": {
      "locked": {
        "lastModified": 1662821606,
        "narHash": "sha256-Z9z9iSH+tgJ0iyRcBfEQRwELgjnhpVXsktiWiFe3SuY=",
        "owner": "NixOS",
        "repo": "nixpkgs",
        "rev": "93a0067a9c85c17764f7755947e6ecf52dc47d8a",
        "type": "github"
      },
      "original": {
        "id": "nixpkgs",
        "ref": "nixos-unstable",
        "type": "indirect"
      }
    },
    "nixpkgs-unstable": {
      "locked": {
        "lastModified": 1662907018,
        "narHash": "sha256-rMPfDmY7zJzv/tJj+LComcGEa1UuwI67kpbz5WC6abE=",
        "owner": "NixOS",
        "repo": "nixpkgs",
        "rev": "17352e8995e1409636b0817a7f38d6314ccd73c4",
        "type": "github"
      },
      "original": {
        "id": "nixpkgs",
        "ref": "nixpkgs-unstable",
        "type": "indirect"
      }
    },
    "root": {
      "inputs": {
        "nixos": "nixos",
        "nixos-unstable": "nixos-unstable",
        "nixpkgs-unstable": "nixpkgs-unstable"
      }
    }
  },
  "root": "root",
  "version": 7
}
