{
  "nodes": {
    "nixpkgs": {
      "locked": {
        "lastModified": 1606600693,
        "narHash": "sha256-/s+qBfqRjBT2zbiaVF1mGiZWP35MA2MgFI0fPmTYS9Y=",
        "owner": "NixOS",
        "repo": "nixpkgs",
        "rev": "2335e7354f8a9c34d4842aa107af14e268a27f07",
        "type": "github"
      },
      "original": {
        "owner": "NixOS",
        "ref": "nixos-20.09",
        "repo": "nixpkgs",
        "type": "github"
      }
    },
    "root": {
      "inputs": {
        "nixpkgs": "nixpkgs"
      }
    }
  },
  "root": "root",
  "version": 7
}
