{
  "nodes": {
    "nixos": {
      "locked": {
        "lastModified": 1675904929,
        "narHash": "sha256-Q3gSEBSXTH1+035C5GjqPEYmfJDhepLfY+WF9mw5OHw=",
        "owner": "NixOS",
        "repo": "nixpkgs",
        "rev": "7010ce2ebc72caf5fcea77646dcafc2a5ac269f1",
        "type": "github"
      },
      "original": {
        "id": "nixpkgs",
        "ref": "release-22.11",
        "type": "indirect"
      }
    },
    "nixos-unstable": {
      "locked": {
        "lastModified": 1675763311,
        "narHash": "sha256-bz0Q2H3mxsF1CUfk26Sl9Uzi8/HFjGFD/moZHz1HebU=",
        "owner": "NixOS",
        "repo": "nixpkgs",
        "rev": "fab09085df1b60d6a0870c8a89ce26d5a4a708c2",
        "type": "github"
      },
      "original": {
        "id": "nixpkgs",
        "ref": "nixos-unstable",
        "type": "indirect"
      }
    },
    "nixpkgs-unstable": {
      "locked": {
        "lastModified": 1675698036,
        "narHash": "sha256-BgsQkQewdlQi8gapJN4phpxkI/FCE/2sORBaFcYbp/A=",
        "owner": "NixOS",
        "repo": "nixpkgs",
        "rev": "1046c7b92e908a1202c0f1ba3fc21d19e1cf1b62",
        "type": "github"
      },
      "original": {
        "id": "nixpkgs",
        "ref": "nixpkgs-unstable",
        "type": "indirect"
      }
    },
    "root": {
      "inputs": {
        "nixos": "nixos",
        "nixos-unstable": "nixos-unstable",
        "nixpkgs-unstable": "nixpkgs-unstable"
      }
    }
  },
  "root": "root",
  "version": 7
}
